
Microsoft Visual Studio Solution File, Format Version 12.00
# Visual Studio Version 17
VisualStudioVersion = 17.7.34031.279
MinimumVisualStudioVersion = 10.0.40219.1
Project("{9A19103F-16F7-4668-BE54-9A1E7A4F7556}") = "vebtech-test.API", "vebtech-test.API\vebtech-test.API.csproj", "{064280DC-1C92-4EC4-BB48-0D9CAD50A093}"
EndProject
Project("{9A19103F-16F7-4668-BE54-9A1E7A4F7556}") = "vebtech-test.DAL", "vebtech-test.DAL\vebtech-test.DAL.csproj", "{E72944E9-6E47-4192-A0E4-C633E7954D4C}"
EndProject
Project("{9A19103F-16F7-4668-BE54-9A1E7A4F7556}") = "vebtech-test.BLL", "vebtech-test.BLL\vebtech-test.BLL.csproj", "{55A94E62-7397-4096-A15A-C83B7F85AC3A}"
EndProject
Project("{FAE04EC0-301F-11D3-BF4B-00C04F79EFBC}") = "vebtech-test.DTO", "vebtech-test.DTO\vebtech-test.DTO.csproj", "{D8E0517A-5A7A-4228-A8C0-DD6AD6A7D83E}"
EndProject
Global
	GlobalSection(SolutionConfigurationPlatforms) = preSolution
		Debug|Any CPU = Debug|Any CPU
		Release|Any CPU = Release|Any CPU
	EndGlobalSection
	GlobalSection(ProjectConfigurationPlatforms) = postSolution
		{064280DC-1C92-4EC4-BB48-0D9CAD50A093}.Debug|Any CPU.ActiveCfg = Debug|Any CPU
		{064280DC-1C92-4EC4-BB48-0D9CAD50A093}.Debug|Any CPU.Build.0 = Debug|Any CPU
		{064280DC-1C92-4EC4-BB48-0D9CAD50A093}.Release|Any CPU.ActiveCfg = Release|Any CPU
		{064280DC-1C92-4EC4-BB48-0D9CAD50A093}.Release|Any CPU.Build.0 = Release|Any CPU
		{E72944E9-6E47-4192-A0E4-C633E7954D4C}.Debug|Any CPU.ActiveCfg = Debug|Any CPU
		{E72944E9-6E47-4192-A0E4-C633E7954D4C}.Debug|Any CPU.Build.0 = Debug|Any CPU
		{E72944E9-6E47-4192-A0E4-C633E7954D4C}.Release|Any CPU.ActiveCfg = Release|Any CPU
		{E72944E9-6E47-4192-A0E4-C633E7954D4C}.Release|Any CPU.Build.0 = Release|Any CPU
		{55A94E62-7397-4096-A15A-C83B7F85AC3A}.Debug|Any CPU.ActiveCfg = Debug|Any CPU
		{55A94E62-7397-4096-A15A-C83B7F85AC3A}.Debug|Any CPU.Build.0 = Debug|Any CPU
		{55A94E62-7397-4096-A15A-C83B7F85AC3A}.Release|Any CPU.ActiveCfg = Release|Any CPU
		{55A94E62-7397-4096-A15A-C83B7F85AC3A}.Release|Any CPU.Build.0 = Release|Any CPU
		{D8E0517A-5A7A-4228-A8C0-DD6AD6A7D83E}.Debug|Any CPU.ActiveCfg = Debug|Any CPU
		{D8E0517A-5A7A-4228-A8C0-DD6AD6A7D83E}.Debug|Any CPU.Build.0 = Debug|Any CPU
		{D8E0517A-5A7A-4228-A8C0-DD6AD6A7D83E}.Release|Any CPU.ActiveCfg = Release|Any CPU
		{D8E0517A-5A7A-4228-A8C0-DD6AD6A7D83E}.Release|Any CPU.Build.0 = Release|Any CPU
	EndGlobalSection
	GlobalSection(SolutionProperties) = preSolution
		HideSolutionNode = FALSE
	EndGlobalSection
	GlobalSection(ExtensibilityGlobals) = postSolution
		SolutionGuid = {97127FF2-F65E-4B71-AF10-0B06D72CEA49}
	EndGlobalSection
EndGlobal
